// !$*UTF8*$!
{
	archiveVersion = 1;
	classes = {
	};
	objectVersion = 46;
	objects = {

/* Begin PBXBuildFile section */
		D1C24FEC1F7E84C000BAA480 /* AppDelegate.swift in Sources */ = {isa = PBXBuildFile; fileRef = D1C24FEB1F7E84C000BAA480 /* AppDelegate.swift */; };
		D1C24FEE1F7E84C000BAA480 /* ViewController.swift in Sources */ = {isa = PBXBuildFile; fileRef = D1C24FED1F7E84C000BAA480 /* ViewController.swift */; };
		D1C24FF11F7E84C000BAA480 /* Main.storyboard in Resources */ = {isa = PBXBuildFile; fileRef = D1C24FEF1F7E84C000BAA480 /* Main.storyboard */; };
		D1C24FF31F7E84C000BAA480 /* Assets.xcassets in Resources */ = {isa = PBXBuildFile; fileRef = D1C24FF21F7E84C000BAA480 /* Assets.xcassets */; };
		D1C24FF61F7E84C000BAA480 /* LaunchScreen.storyboard in Resources */ = {isa = PBXBuildFile; fileRef = D1C24FF41F7E84C000BAA480 /* LaunchScreen.storyboard */; };
		D1C24FFE1F7E855600BAA480 /* CustomCollectionViewCell.swift in Sources */ = {isa = PBXBuildFile; fileRef = D1C24FFD1F7E855600BAA480 /* CustomCollectionViewCell.swift */; };
/* End PBXBuildFile section */

/* Begin PBXFileReference section */
		D1C24FE81F7E84C000BAA480 /* collectionViewReversePaginated.app */ = {isa = PBXFileReference; explicitFileType = wrapper.application; includeInIndex = 0; path = collectionViewReversePaginated.app; sourceTree = BUILT_PRODUCTS_DIR; };
		D1C24FEB1F7E84C000BAA480 /* AppDelegate.swift */ = {isa = PBXFileReference; lastKnownFileType = sourcecode.swift; path = AppDelegate.swift; sourceTree = "<group>"; };
		D1C24FED1F7E84C000BAA480 /* ViewController.swift */ = {isa = PBXFileReference; lastKnownFileType = sourcecode.swift; path = ViewController.swift; sourceTree = "<group>"; };
		D1C24FF01F7E84C000BAA480 /* Base */ = {isa = PBXFileReference; lastKnownFileType = file.storyboard; name = Base; path = Base.lproj/Main.storyboard; sourceTree = "<group>"; };
		D1C24FF21F7E84C000BAA480 /* Assets.xcassets */ = {isa = PBXFileReference; lastKnownFileType = folder.assetcatalog; path = Assets.xcassets; sourceTree = "<group>"; };
		D1C24FF51F7E84C000BAA480 /* Base */ = {isa = PBXFileReference; lastKnownFileType = file.storyboard; name = Base; path = Base.lproj/LaunchScreen.storyboard; sourceTree = "<group>"; };
		D1C24FF71F7E84C000BAA480 /* Info.plist */ = {isa = PBXFileReference; lastKnownFileType = text.plist.xml; path = Info.plist; sourceTree = "<group>"; };
		D1C24FFD1F7E855600BAA480 /* CustomCollectionViewCell.swift */ = {isa = PBXFileReference; fileEncoding = 4; lastKnownFileType = sourcecode.swift; path = CustomCollectionViewCell.swift; sourceTree = "<group>"; };
/* End PBXFileReference section */

/* Begin PBXFrameworksBuildPhase section */
		D1C24FE51F7E84C000BAA480 /* Frameworks */ = {
			isa = PBXFrameworksBuildPhase;
			buildActionMask = 2147483647;
			files = (
			);
			runOnlyForDeploymentPostprocessing = 0;
		};
/* End PBXFrameworksBuildPhase section */

/* Begin PBXGroup section */
		D1C24FDF1F7E84C000BAA480 = {
			isa = PBXGroup;
			children = (
				D1C24FEA1F7E84C000BAA480 /* collectionViewReversePaginated */,
				D1C24FE91F7E84C000BAA480 /* Products */,
			);
			sourceTree = "<group>";
		};
		D1C24FE91F7E84C000BAA480 /* Products */ = {
			isa = PBXGroup;
			children = (
				D1C24FE81F7E84C000BAA480 /* collectionViewReversePaginated.app */,
			);
			name = Products;
			sourceTree = "<group>";
		};
		D1C24FEA1F7E84C000BAA480 /* collectionViewReversePaginated */ = {
			isa = PBXGroup;
			children = (
				D1C24FEB1F7E84C000BAA480 /* AppDelegate.swift */,
				D1C24FED1F7E84C000BAA480 /* ViewController.swift */,
				D1C24FEF1F7E84C000BAA480 /* Main.storyboard */,
				D1C24FFD1F7E855600BAA480 /* CustomCollectionViewCell.swift */,
				D1C24FF21F7E84C000BAA480 /* Assets.xcassets */,
				D1C24FF41F7E84C000BAA480 /* LaunchScreen.storyboard */,
				D1C24FF71F7E84C000BAA480 /* Info.plist */,
			);
			path = collectionViewReversePaginated;
			sourceTree = "<group>";
		};
/* End PBXGroup section */

/* Begin PBXNativeTarget section */
		D1C24FE71F7E84C000BAA480 /* collectionViewReversePaginated */ = {
			isa = PBXNativeTarget;
			buildConfigurationList = D1C24FFA1F7E84C000BAA480 /* Build configuration list for PBXNativeTarget "collectionViewReversePaginated" */;
			buildPhases = (
				D1C24FE41F7E84C000BAA480 /* Sources */,
				D1C24FE51F7E84C000BAA480 /* Frameworks */,
				D1C24FE61F7E84C000BAA480 /* Resources */,
			);
			buildRules = (
			);
			dependencies = (
			);
			name = collectionViewReversePaginated;
			productName = collectionViewReversePaginated;
			productReference = D1C24FE81F7E84C000BAA480 /* collectionViewReversePaginated.app */;
			productType = "com.apple.product-type.application";
		};
/* End PBXNativeTarget section */

/* Begin PBXProject section */
		D1C24FE01F7E84C000BAA480 /* Project object */ = {
			isa = PBXProject;
			attributes = {
				LastSwiftUpdateCheck = 0830;
				LastUpgradeCheck = 0830;
				ORGANIZATIONNAME = "Laura Evans";
				TargetAttributes = {
					D1C24FE71F7E84C000BAA480 = {
						CreatedOnToolsVersion = 8.3.3;
						DevelopmentTeam = 859LK3T2WH;
						ProvisioningStyle = Automatic;
					};
				};
			};
			buildConfigurationList = D1C24FE31F7E84C000BAA480 /* Build configuration list for PBXProject "collectionViewReversePaginated" */;
			compatibilityVersion = "Xcode 3.2";
			developmentRegion = English;
			hasScannedForEncodings = 0;
			knownRegions = (
				en,
				Base,
			);
			mainGroup = D1C24FDF1F7E84C000BAA480;
			productRefGroup = D1C24FE91F7E84C000BAA480 /* Products */;
			projectDirPath = "";
			projectRoot = "";
			targets = (
				D1C24FE71F7E84C000BAA480 /* collectionViewReversePaginated */,
			);
		};
/* End PBXProject section */

/* Begin PBXResourcesBuildPhase section */
		D1C24FE61F7E84C000BAA480 /* Resources */ = {
			isa = PBXResourcesBuildPhase;
			buildActionMask = 2147483647;
			files = (
				D1C24FF61F7E84C000BAA480 /* LaunchScreen.storyboard in Resources */,
				D1C24FF31F7E84C000BAA480 /* Assets.xcassets in Resources */,
				D1C24FF11F7E84C000BAA480 /* Main.storyboard in Resources */,
			);
			runOnlyForDeploymentPostprocessing = 0;
		};
/* End PBXResourcesBuildPhase section */

/* Begin PBXSourcesBuildPhase section */
		D1C24FE41F7E84C000BAA480 /* Sources */ = {
			isa = PBXSourcesBuildPhase;
			buildActionMask = 2147483647;
			files = (
				D1C24FEE1F7E84C000BAA480 /* ViewController.swift in Sources */,
				D1C24FFE1F7E855600BAA480 /* CustomCollectionViewCell.swift in Sources */,
				D1C24FEC1F7E84C000BAA480 /* AppDelegate.swift in Sources */,
			);
			runOnlyForDeploymentPostprocessing = 0;
		};
/* End PBXSourcesBuildPhase section */

/* Begin PBXVariantGroup section */
		D1C24FEF1F7E84C000BAA480 /* Main.storyboard */ = {
			isa = PBXVariantGroup;
			children = (
				D1C24FF01F7E84C000BAA480 /* Base */,
			);
			name = Main.storyboard;
			sourceTree = "<group>";
		};
		D1C24FF41F7E84C000BAA480 /* LaunchScreen.storyboard */ = {
			isa = PBXVariantGroup;
			children = (
				D1C24FF51F7E84C000BAA480 /* Base */,
			);
			name = LaunchScreen.storyboard;
			sourceTree = "<group>";
		};
/* End PBXVariantGroup section */

/* Begin XCBuildConfiguration section */
		D1C24FF81F7E84C000BAA480 /* Debug */ = {
			isa = XCBuildConfiguration;
			buildSettings = {
				ALWAYS_SEARCH_USER_PATHS = NO;
				CLANG_ANALYZER_NONNULL = YES;
				CLANG_ANALYZER_NUMBER_OBJECT_CONVERSION = YES_AGGRESSIVE;
				CLANG_CXX_LANGUAGE_STANDARD = "gnu++0x";
				CLANG_CXX_LIBRARY = "libc++";
				CLANG_ENABLE_MODULES = YES;
				CLANG_ENABLE_OBJC_ARC = YES;
				CLANG_WARN_BOOL_CONVERSION = YES;
				CLANG_WARN_CONSTANT_CONVERSION = YES;
				CLANG_WARN_DIRECT_OBJC_ISA_USAGE = YES_ERROR;
				CLANG_WARN_DOCUMENTATION_COMMENTS = YES;
				CLANG_WARN_EMPTY_BODY = YES;
				CLANG_WARN_ENUM_CONVERSION = YES;
				CLANG_WARN_INFINITE_RECURSION = YES;
				CLANG_WARN_INT_CONVERSION = YES;
				CLANG_WARN_OBJC_ROOT_CLASS = YES_ERROR;
				CLANG_WARN_SUSPICIOUS_MOVE = YES;
				CLANG_WARN_UNREACHABLE_CODE = YES;
				CLANG_WARN__DUPLICATE_METHOD_MATCH = YES;
				"CODE_SIGN_IDENTITY[sdk=iphoneos*]" = "iPhone Developer";
				COPY_PHASE_STRIP = NO;
				DEBUG_INFORMATION_FORMAT = dwarf;
				ENABLE_STRICT_OBJC_MSGSEND = YES;
				ENABLE_TESTABILITY = YES;
				GCC_C_LANGUAGE_STANDARD = gnu99;
				GCC_DYNAMIC_NO_PIC = NO;
				GCC_NO_COMMON_BLOCKS = YES;
				GCC_OPTIMIZATION_LEVEL = 0;
				GCC_PREPROCESSOR_DEFINITIONS = (
					"DEBUG=1",
					"$(inherited)",
				);
				GCC_WARN_64_TO_32_BIT_CONVERSION = YES;
				GCC_WARN_ABOUT_RETURN_TYPE = YES_ERROR;
				GCC_WARN_UNDECLARED_SELECTOR = YES;
				GCC_WARN_UNINITIALIZED_AUTOS = YES_AGGRESSIVE;
				GCC_WARN_UNUSED_FUNCTION = YES;
				GCC_WARN_UNUSED_VARIABLE = YES;
				IPHONEOS_DEPLOYMENT_TARGET = 10.3;
				MTL_ENABLE_DEBUG_INFO = YES;
				ONLY_ACTIVE_ARCH = YES;
				SDKROOT = iphoneos;
				SWIFT_ACTIVE_COMPILATION_CONDITIONS = DEBUG;
				SWIFT_OPTIMIZATION_LEVEL = "-Onone";
				TARGETED_DEVICE_FAMILY = "1,2";
			};
			name = Debug;
		};
		D1C24FF91F7E84C000BAA480 /* Release */ = {
			isa = XCBuildConfiguration;
			buildSettings = {
				ALWAYS_SEARCH_USER_PATHS = NO;
				CLANG_ANALYZER_NONNULL = YES;
				CLANG_ANALYZER_NUMBER_OBJECT_CONVERSION = YES_AGGRESSIVE;
				CLANG_CXX_LANGUAGE_STANDARD = "gnu++0x";
				CLANG_CXX_LIBRARY = "libc++";
				CLANG_ENABLE_MODULES = YES;
				CLANG_ENABLE_OBJC_ARC = YES;
				CLANG_WARN_BOOL_CONVERSION = YES;
				CLANG_WARN_CONSTANT_CONVERSION = YES;
				CLANG_WARN_DIRECT_OBJC_ISA_USAGE = YES_ERROR;
				CLANG_WARN_DOCUMENTATION_COMMENTS = YES;
				CLANG_WARN_EMPTY_BODY = YES;
				CLANG_WARN_ENUM_CONVERSION = YES;
				CLANG_WARN_INFINITE_RECURSION = YES;
				CLANG_WARN_INT_CONVERSION = YES;
				CLANG_WARN_OBJC_ROOT_CLASS = YES_ERROR;
				CLANG_WARN_SUSPICIOUS_MOVE = YES;
				CLANG_WARN_UNREACHABLE_CODE = YES;
				CLANG_WARN__DUPLICATE_METHOD_MATCH = YES;
				"CODE_SIGN_IDENTITY[sdk=iphoneos*]" = "iPhone Developer";
				COPY_PHASE_STRIP = NO;
				DEBUG_INFORMATION_FORMAT = "dwarf-with-dsym";
				ENABLE_NS_ASSERTIONS = NO;
				ENABLE_STRICT_OBJC_MSGSEND = YES;
				GCC_C_LANGUAGE_STANDARD = gnu99;
				GCC_NO_COMMON_BLOCKS = YES;
				GCC_WARN_64_TO_32_BIT_CONVERSION = YES;
				GCC_WARN_ABOUT_RETURN_TYPE = YES_ERROR;
				GCC_WARN_UNDECLARED_SELECTOR = YES;
				GCC_WARN_UNINITIALIZED_AUTOS = YES_AGGRESSIVE;
				GCC_WARN_UNUSED_FUNCTION = YES;
				GCC_WARN_UNUSED_VARIABLE = YES;
				IPHONEOS_DEPLOYMENT_TARGET = 10.3;
				MTL_ENABLE_DEBUG_INFO = NO;
				SDKROOT = iphoneos;
				SWIFT_OPTIMIZATION_LEVEL = "-Owholemodule";
				TARGETED_DEVICE_FAMILY = "1,2";
				VALIDATE_PRODUCT = YES;
			};
			name = Release;
		};
		D1C24FFB1F7E84C000BAA480 /* Debug */ = {
			isa = XCBuildConfiguration;
			buildSettings = {
				ASSETCATALOG_COMPILER_APPICON_NAME = AppIcon;
				DEVELOPMENT_TEAM = 859LK3T2WH;
				INFOPLIST_FILE = collectionViewReversePaginated/Info.plist;
				LD_RUNPATH_SEARCH_PATHS = "$(inherited) @executable_path/Frameworks";
				PRODUCT_BUNDLE_IDENTIFIER = "com.Laura-Evans.collectionViewReversePaginated";
				PRODUCT_NAME = "$(TARGET_NAME)";
				SWIFT_VERSION = 3.0;
			};
			name = Debug;
		};
		D1C24FFC1F7E84C000BAA480 /* Release */ = {
			isa = XCBuildConfiguration;
			buildSettings = {
				ASSETCATALOG_COMPILER_APPICON_NAME = AppIcon;
				DEVELOPMENT_TEAM = 859LK3T2WH;
				INFOPLIST_FILE = collectionViewReversePaginated/Info.plist;
				LD_RUNPATH_SEARCH_PATHS = "$(inherited) @executable_path/Frameworks";
				PRODUCT_BUNDLE_IDENTIFIER = "com.Laura-Evans.collectionViewReversePaginated";
				PRODUCT_NAME = "$(TARGET_NAME)";
				SWIFT_VERSION = 3.0;
			};
			name = Release;
		};
/* End XCBuildConfiguration section */

/* Begin XCConfigurationList section */
		D1C24FE31F7E84C000BAA480 /* Build configuration list for PBXProject "collectionViewReversePaginated" */ = {
			isa = XCConfigurationList;
			buildConfigurations = (
				D1C24FF81F7E84C000BAA480 /* Debug */,
				D1C24FF91F7E84C000BAA480 /* Release */,
			);
			defaultConfigurationIsVisible = 0;
			defaultConfigurationName = Release;
		};
		D1C24FFA1F7E84C000BAA480 /* Build configuration list for PBXNativeTarget "collectionViewReversePaginated" */ = {
			isa = XCConfigurationList;
			buildConfigurations = (
				D1C24FFB1F7E84C000BAA480 /* Debug */,
				D1C24FFC1F7E84C000BAA480 /* Release */,
			);
			defaultConfigurationIsVisible = 0;
		};
/* End XCConfigurationList section */
	};
	rootObject = D1C24FE01F7E84C000BAA480 /* Project object */;
}
